{
  "version": 4,
  "terraform_version": "1.0.9",
  "serial": 2436,
  "lineage": "44fea9d7-1646-5369-4cc7-49da65be4e14",
  "outputs": {},
  "resources": [
    {
      "module": "module.s3",
      "mode": "managed",
      "type": "aws_s3_bucket",
      "name": "bucket",
      "provider": "provider[\"registry.terraform.io/hashicorp/aws\"]",
      "instances": [
        {
          "schema_version": 0,
          "attributes": {
            "acceleration_status": "",
            "acl": "private",
            "arn": "arn:aws:s3:::s3-data-bootcamp-20211120192557093300000004",
            "bucket": "s3-data-bootcamp-20211120192557093300000004",
            "bucket_domain_name": "s3-data-bootcamp-20211120192557093300000004.s3.amazonaws.com",
            "bucket_prefix": "s3-data-bootcamp-",
            "bucket_regional_domain_name": "s3-data-bootcamp-20211120192557093300000004.s3.us-west-2.amazonaws.com",
            "cors_rule": [],
            "force_destroy": false,
            "grant": [],
            "hosted_zone_id": "Z3BJ6K6RIION7M",
            "id": "s3-data-bootcamp-20211120192557093300000004",
            "lifecycle_rule": [],
            "logging": [],
            "object_lock_configuration": [],
            "policy": null,
            "region": "us-west-2",
            "replication_configuration": [],
            "request_payer": "BucketOwner",
            "server_side_encryption_configuration": [],
            "tags": {
              "Name": "s3-data-bootcamp"
            },
            "tags_all": {
              "Name": "s3-data-bootcamp"
            },
            "versioning": [
              {
                "enabled": true,
                "mfa_delete": false
              }
            ],
            "website": [],
            "website_domain": null,
            "website_endpoint": null
          },
          "sensitive_attributes": [],
          "private": "bnVsbA=="
        }
      ]
    }
  ]
}
